Temp4/stats/Temp4_fastqc.tsv
Temp4/stats/Temp4_clumpify.tsv
Temp4/stats/Temp4_bbduk.tsv
Temp4/stats/Temp4_aligned.tsv
Temp4/stats/Temp4_hg38_fragmentSize.png
Temp4/stats/Temp4_results.tsv
Temp4/URLS/Temp4_hg38_norm_CPM_bw_URL.txt
Temp4/fastqc/PP1H66KmDS2Ser53_CKDL230028616-1A_HCLMNDSX7_L4_1_fastqc.zip
Temp4/fastqc/PP1H66KmDS2Ser53_CKDL230028616-1A_HCLMNDSX7_L4_2_fastqc.zip
Temp4/fastqc/PP1H66KpDS2Ser53_CKDL230028616-1A_HCLMNDSX7_L4_1_fastqc.zip
Temp4/fastqc/PP1H66KpDS2Ser53_CKDL230028616-1A_HCLMNDSX7_L4_2_fastqc.zip
Temp4/fastqc/PP1H66KmDoxS2Ser5_CKDL230028616-1A_HCLMNDSX7_L4_1_fastqc.zip
Temp4/fastqc/PP1H66KmDoxS2Ser5_CKDL230028616-1A_HCLMNDSX7_L4_2_fastqc.zip
Temp4/fastqc/PP1H66KpDoxS2Ser5_CKDL230028616-1A_HCLMNDSX7_L4_1_fastqc.zip
Temp4/fastqc/PP1H66KpDoxS2Ser5_CKDL230028616-1A_HCLMNDSX7_L4_2_fastqc.zip
Temp4/fastqs/PP1H66KmDS2Ser53_CKDL230028616-1A_HCLMNDSX7_L4_1.fq.gz
Temp4/fastqs/PP1H66KmDS2Ser53_CKDL230028616-1A_HCLMNDSX7_L4_2.fq.gz
Temp4/fastqs/PP1H66KpDS2Ser53_CKDL230028616-1A_HCLMNDSX7_L4_1.fq.gz
Temp4/fastqs/PP1H66KpDS2Ser53_CKDL230028616-1A_HCLMNDSX7_L4_2.fq.gz
Temp4/fastqs/PP1H66KmDoxS2Ser5_CKDL230028616-1A_HCLMNDSX7_L4_1.fq.gz
Temp4/fastqs/PP1H66KmDoxS2Ser5_CKDL230028616-1A_HCLMNDSX7_L4_2.fq.gz
Temp4/fastqs/PP1H66KpDoxS2Ser5_CKDL230028616-1A_HCLMNDSX7_L4_1.fq.gz
Temp4/fastqs/PP1H66KpDoxS2Ser5_CKDL230028616-1A_HCLMNDSX7_L4_2.fq.gz
Temp4/clumpify/PP1H66KmDS2Ser53_clumpify.log
Temp4/clumpify/PP1H66KpDS2Ser53_clumpify.log
Temp4/clumpify/PP1H66KmDoxS2Ser5_clumpify.log
Temp4/clumpify/PP1H66KpDoxS2Ser5_clumpify.log
Temp4/fastqs/PP1H66KmDS2Ser53_CKDL230028616-1A_HCLMNDSX7_L4_1.fq.gz
Temp4/fastqs/PP1H66KmDS2Ser53_CKDL230028616-1A_HCLMNDSX7_L4_2.fq.gz
Temp4/fastqs/PP1H66KpDS2Ser53_CKDL230028616-1A_HCLMNDSX7_L4_1.fq.gz
Temp4/fastqs/PP1H66KpDS2Ser53_CKDL230028616-1A_HCLMNDSX7_L4_2.fq.gz
Temp4/fastqs/PP1H66KmDoxS2Ser5_CKDL230028616-1A_HCLMNDSX7_L4_1.fq.gz
Temp4/fastqs/PP1H66KmDoxS2Ser5_CKDL230028616-1A_HCLMNDSX7_L4_2.fq.gz
Temp4/fastqs/PP1H66KpDoxS2Ser5_CKDL230028616-1A_HCLMNDSX7_L4_1.fq.gz
Temp4/fastqs/PP1H66KpDoxS2Ser5_CKDL230028616-1A_HCLMNDSX7_L4_2.fq.gz
Temp4/bbduk/PP1H66KmDS2Ser53_bbduk.log
Temp4/bbduk/PP1H66KpDS2Ser53_bbduk.log
Temp4/bbduk/PP1H66KmDoxS2Ser5_bbduk.log
Temp4/bbduk/PP1H66KpDoxS2Ser5_bbduk.log
Temp4/PP1H66KmDS2Ser53_R1_clumpify.fastq.gz
Temp4/PP1H66KmDS2Ser53_R2_clumpify.fastq.gz
Temp4/PP1H66KpDS2Ser53_R1_clumpify.fastq.gz
Temp4/PP1H66KpDS2Ser53_R2_clumpify.fastq.gz
Temp4/PP1H66KmDoxS2Ser5_R1_clumpify.fastq.gz
Temp4/PP1H66KmDoxS2Ser5_R2_clumpify.fastq.gz
Temp4/PP1H66KpDoxS2Ser5_R1_clumpify.fastq.gz
Temp4/PP1H66KpDoxS2Ser5_R2_clumpify.fastq.gz
Temp4/bams/PP1H66KmDS2Ser53_hg38_bowtie_stats.txt
Temp4/bams/PP1H66KpDS2Ser53_hg38_bowtie_stats.txt
Temp4/bams/PP1H66KmDoxS2Ser5_hg38_bowtie_stats.txt
Temp4/bams/PP1H66KpDoxS2Ser5_hg38_bowtie_stats.txt
Temp4/PP1H66KmDS2Ser53_R1.fastq.gz
Temp4/PP1H66KmDS2Ser53_R2.fastq.gz
Temp4/PP1H66KpDS2Ser53_R1.fastq.gz
Temp4/PP1H66KpDS2Ser53_R2.fastq.gz
Temp4/PP1H66KmDoxS2Ser5_R1.fastq.gz
Temp4/PP1H66KmDoxS2Ser5_R2.fastq.gz
Temp4/PP1H66KpDoxS2Ser5_R1.fastq.gz
Temp4/PP1H66KpDoxS2Ser5_R2.fastq.gz
Temp4/bams/PP1H66KmDS2Ser53_hg38_230426.bam
Temp4/bams/PP1H66KpDS2Ser53_hg38_230426.bam
Temp4/bams/PP1H66KmDoxS2Ser5_hg38_230426.bam
Temp4/bams/PP1H66KpDoxS2Ser5_hg38_230426.bam
Temp4/bams/PP1H66KmDS2Ser53_hg38_230426.bam.bai
Temp4/bams/PP1H66KpDS2Ser53_hg38_230426.bam.bai
Temp4/bams/PP1H66KmDoxS2Ser5_hg38_230426.bam.bai
Temp4/bams/PP1H66KpDoxS2Ser5_hg38_230426.bam.bai
Temp4/PP1H66KmDS2Ser53_hg38.bam
Temp4/PP1H66KmDS2Ser53_hg38.bam.bai
Temp4/PP1H66KpDS2Ser53_hg38.bam
Temp4/PP1H66KpDS2Ser53_hg38.bam.bai
Temp4/PP1H66KmDoxS2Ser5_hg38.bam
Temp4/PP1H66KmDoxS2Ser5_hg38.bam.bai
Temp4/PP1H66KpDoxS2Ser5_hg38.bam
Temp4/PP1H66KpDoxS2Ser5_hg38.bam.bai
Temp4/stats/Temp4_clumpify.tsv
Temp4/stats/Temp4_bbduk.tsv
Temp4/stats/Temp4_aligned.tsv
Temp4/counts/PP1H66KmDS2Ser53_count.txt
Temp4/counts/PP1H66KpDS2Ser53_count.txt
Temp4/counts/PP1H66KmDoxS2Ser5_count.txt
Temp4/counts/PP1H66KpDoxS2Ser5_count.txt
Temp4/bams/PP1H66KmDS2Ser53_hg38_230426.bam
Temp4/bams/PP1H66KmDS2Ser53_hg38_230426.bam.bai
Temp4/bams/PP1H66KpDS2Ser53_hg38_230426.bam
Temp4/bams/PP1H66KpDS2Ser53_hg38_230426.bam.bai
Temp4/bams/PP1H66KmDoxS2Ser5_hg38_230426.bam
Temp4/bams/PP1H66KmDoxS2Ser5_hg38_230426.bam.bai
Temp4/bams/PP1H66KpDoxS2Ser5_hg38_230426.bam
Temp4/bams/PP1H66KpDoxS2Ser5_hg38_230426.bam.bai
Temp4/bw/PP1H66KSer5-r2_bamCoverage_stats.txt
Temp4/bw/PP1H66KSer5-r3_bamCoverage_stats.txt
Temp4/bams/PP1H66KmDoxS2Ser5_hg38_230426.bam
Temp4/bams/PP1H66KpDoxS2Ser5_hg38_230426.bam
Temp4/stats/Temp4_results.tsv
Temp4/bams/PP1H66KmDS2Ser53_hg38_230426.bam
Temp4/bams/PP1H66KpDS2Ser53_hg38_230426.bam
Temp4/stats/Temp4_results.tsv
